
Microsoft Visual Studio Solution File, Format Version 12.00
# Visual Studio 2012
Project("{8BC9CEB8-8B4A-11D0-8D11-00A0C91BC942}") = "CIS020_F2015_Lab11", "CIS020_F2015_Lab11\CIS020_F2015_Lab11.vcxproj", "{6BFF17A9-A6AF-4F8A-B1E8-C26169CA4F5D}"
EndProject
Global
	GlobalSection(SolutionConfigurationPlatforms) = preSolution
		Debug|Win32 = Debug|Win32
		Release|Win32 = Release|Win32
	EndGlobalSection
	GlobalSection(ProjectConfigurationPlatforms) = postSolution
		{6BFF17A9-A6AF-4F8A-B1E8-C26169CA4F5D}.Debug|Win32.ActiveCfg = Debug|Win32
		{6BFF17A9-A6AF-4F8A-B1E8-C26169CA4F5D}.Debug|Win32.Build.0 = Debug|Win32
		{6BFF17A9-A6AF-4F8A-B1E8-C26169CA4F5D}.Release|Win32.ActiveCfg = Release|Win32
		{6BFF17A9-A6AF-4F8A-B1E8-C26169CA4F5D}.Release|Win32.Build.0 = Release|Win32
	EndGlobalSection
	GlobalSection(SolutionProperties) = preSolution
		HideSolutionNode = FALSE
	EndGlobalSection
EndGlobal
